// !$*UTF8*$!
{
	archiveVersion = 1;
	classes = {
	};
	objectVersion = 56;
	objects = {

/* Begin PBXBuildFile section */
		845DC3DA2B077F4100522D7B /* QuizApi.swift in Sources */ = {isa = PBXBuildFile; fileRef = 845DC3D92B077F4100522D7B /* QuizApi.swift */; };
		845DC3DD2B07C12E00522D7B /* Util.swift in Sources */ = {isa = PBXBuildFile; fileRef = 845DC3DC2B07C12E00522D7B /* Util.swift */; };
		8467AB9C2B077045007C0BB3 /* Answer.swift in Sources */ = {isa = PBXBuildFile; fileRef = 8467AB9B2B077045007C0BB3 /* Answer.swift */; };
		8467AB9E2B077069007C0BB3 /* ContentView.swift in Sources */ = {isa = PBXBuildFile; fileRef = 8467AB9D2B077069007C0BB3 /* ContentView.swift */; };
		8467ABA02B077074007C0BB3 /* CategoriesViewModel.swift in Sources */ = {isa = PBXBuildFile; fileRef = 8467AB9F2B077074007C0BB3 /* CategoriesViewModel.swift */; };
		8484A13D2B01272000AAA18E /* QuizGameApp.swift in Sources */ = {isa = PBXBuildFile; fileRef = 8484A13C2B01272000AAA18E /* QuizGameApp.swift */; };
		8484A13F2B01272000AAA18E /* CategoryView.swift in Sources */ = {isa = PBXBuildFile; fileRef = 8484A13E2B01272000AAA18E /* CategoryView.swift */; };
		8484A1412B01272100AAA18E /* Assets.xcassets in Resources */ = {isa = PBXBuildFile; fileRef = 8484A1402B01272100AAA18E /* Assets.xcassets */; };
		8484A1442B01272100AAA18E /* Preview Assets.xcassets in Resources */ = {isa = PBXBuildFile; fileRef = 8484A1432B01272100AAA18E /* Preview Assets.xcassets */; };
		8494FBEF2B04D342001BBF6B /* Category.swift in Sources */ = {isa = PBXBuildFile; fileRef = 8494FBEE2B04D342001BBF6B /* Category.swift */; };
		8494FBF32B04D673001BBF6B /* Game.swift in Sources */ = {isa = PBXBuildFile; fileRef = 8494FBF22B04D673001BBF6B /* Game.swift */; };
		8494FBF52B04D7EC001BBF6B /* Question.swift in Sources */ = {isa = PBXBuildFile; fileRef = 8494FBF42B04D7EC001BBF6B /* Question.swift */; };
		8494FBF72B04E122001BBF6B /* GameView.swift in Sources */ = {isa = PBXBuildFile; fileRef = 8494FBF62B04E122001BBF6B /* GameView.swift */; };
		8494FBF92B04FA8A001BBF6B /* GameHistoryView.swift in Sources */ = {isa = PBXBuildFile; fileRef = 8494FBF82B04FA8A001BBF6B /* GameHistoryView.swift */; };
		8494FBFB2B04FB1C001BBF6B /* GameHistory.swift in Sources */ = {isa = PBXBuildFile; fileRef = 8494FBFA2B04FB1C001BBF6B /* GameHistory.swift */; };
		8494FBFD2B04FB54001BBF6B /* GameHistoryViewModel.swift in Sources */ = {isa = PBXBuildFile; fileRef = 8494FBFC2B04FB54001BBF6B /* GameHistoryViewModel.swift */; };
		84C500422B04D2B1001FFD1A /* QuizGame.swift in Sources */ = {isa = PBXBuildFile; fileRef = 84C500412B04D2B1001FFD1A /* QuizGame.swift */; };
/* End PBXBuildFile section */

/* Begin PBXFileReference section */
		845DC3D92B077F4100522D7B /* QuizApi.swift */ = {isa = PBXFileReference; lastKnownFileType = sourcecode.swift; path = QuizApi.swift; sourceTree = "<group>"; };
		845DC3DC2B07C12E00522D7B /* Util.swift */ = {isa = PBXFileReference; lastKnownFileType = sourcecode.swift; path = Util.swift; sourceTree = "<group>"; };
		8467AB9B2B077045007C0BB3 /* Answer.swift */ = {isa = PBXFileReference; fileEncoding = 4; lastKnownFileType = sourcecode.swift; path = Answer.swift; sourceTree = "<group>"; };
		8467AB9D2B077069007C0BB3 /* ContentView.swift */ = {isa = PBXFileReference; fileEncoding = 4; lastKnownFileType = sourcecode.swift; path = ContentView.swift; sourceTree = "<group>"; };
		8467AB9F2B077074007C0BB3 /* CategoriesViewModel.swift */ = {isa = PBXFileReference; fileEncoding = 4; lastKnownFileType = sourcecode.swift; path = CategoriesViewModel.swift; sourceTree = "<group>"; };
		8484A1392B01272000AAA18E /* QuizGame.app */ = {isa = PBXFileReference; explicitFileType = wrapper.application; includeInIndex = 0; path = QuizGame.app; sourceTree = BUILT_PRODUCTS_DIR; };
		8484A13C2B01272000AAA18E /* QuizGameApp.swift */ = {isa = PBXFileReference; lastKnownFileType = sourcecode.swift; path = QuizGameApp.swift; sourceTree = "<group>"; };
		8484A13E2B01272000AAA18E /* CategoryView.swift */ = {isa = PBXFileReference; lastKnownFileType = sourcecode.swift; path = CategoryView.swift; sourceTree = "<group>"; };
		8484A1402B01272100AAA18E /* Assets.xcassets */ = {isa = PBXFileReference; lastKnownFileType = folder.assetcatalog; path = Assets.xcassets; sourceTree = "<group>"; };
		8484A1432B01272100AAA18E /* Preview Assets.xcassets */ = {isa = PBXFileReference; lastKnownFileType = folder.assetcatalog; path = "Preview Assets.xcassets"; sourceTree = "<group>"; };
		8494FBEE2B04D342001BBF6B /* Category.swift */ = {isa = PBXFileReference; lastKnownFileType = sourcecode.swift; path = Category.swift; sourceTree = "<group>"; };
		8494FBF22B04D673001BBF6B /* Game.swift */ = {isa = PBXFileReference; lastKnownFileType = sourcecode.swift; path = Game.swift; sourceTree = "<group>"; };
		8494FBF42B04D7EC001BBF6B /* Question.swift */ = {isa = PBXFileReference; lastKnownFileType = sourcecode.swift; path = Question.swift; sourceTree = "<group>"; };
		8494FBF62B04E122001BBF6B /* GameView.swift */ = {isa = PBXFileReference; lastKnownFileType = sourcecode.swift; path = GameView.swift; sourceTree = "<group>"; };
		8494FBF82B04FA8A001BBF6B /* GameHistoryView.swift */ = {isa = PBXFileReference; lastKnownFileType = sourcecode.swift; path = GameHistoryView.swift; sourceTree = "<group>"; };
		8494FBFA2B04FB1C001BBF6B /* GameHistory.swift */ = {isa = PBXFileReference; lastKnownFileType = sourcecode.swift; name = GameHistory.swift; path = QuizGame/Models/GameHistory.swift; sourceTree = SOURCE_ROOT; };
		8494FBFC2B04FB54001BBF6B /* GameHistoryViewModel.swift */ = {isa = PBXFileReference; lastKnownFileType = sourcecode.swift; path = GameHistoryViewModel.swift; sourceTree = "<group>"; };
		84C500412B04D2B1001FFD1A /* QuizGame.swift */ = {isa = PBXFileReference; lastKnownFileType = sourcecode.swift; path = QuizGame.swift; sourceTree = "<group>"; };
/* End PBXFileReference section */

/* Begin PBXFrameworksBuildPhase section */
		8484A1362B01272000AAA18E /* Frameworks */ = {
			isa = PBXFrameworksBuildPhase;
			buildActionMask = 2147483647;
			files = (
			);
			runOnlyForDeploymentPostprocessing = 0;
		};
/* End PBXFrameworksBuildPhase section */

/* Begin PBXGroup section */
		845DC3D82B077F2D00522D7B /* remote */ = {
			isa = PBXGroup;
			children = (
				845DC3D92B077F4100522D7B /* QuizApi.swift */,
			);
			path = remote;
			sourceTree = "<group>";
		};
		845DC3DB2B07C11800522D7B /* Util */ = {
			isa = PBXGroup;
			children = (
				845DC3DC2B07C12E00522D7B /* Util.swift */,
			);
			path = Util;
			sourceTree = "<group>";
		};
		8484A1302B01272000AAA18E = {
			isa = PBXGroup;
			children = (
				8484A13B2B01272000AAA18E /* QuizGame */,
				8484A13A2B01272000AAA18E /* Products */,
			);
			sourceTree = "<group>";
		};
		8484A13A2B01272000AAA18E /* Products */ = {
			isa = PBXGroup;
			children = (
				8484A1392B01272000AAA18E /* QuizGame.app */,
			);
			name = Products;
			sourceTree = "<group>";
		};
		8484A13B2B01272000AAA18E /* QuizGame */ = {
			isa = PBXGroup;
			children = (
				845DC3DB2B07C11800522D7B /* Util */,
				845DC3D82B077F2D00522D7B /* remote */,
				8484A13C2B01272000AAA18E /* QuizGameApp.swift */,
				8494FBF12B04D5D6001BBF6B /* ViewModels */,
				8494FBF02B04D5C6001BBF6B /* Models */,
				8484A13E2B01272000AAA18E /* CategoryView.swift */,
				8494FBF62B04E122001BBF6B /* GameView.swift */,
				8494FBF82B04FA8A001BBF6B /* GameHistoryView.swift */,
				8467AB9D2B077069007C0BB3 /* ContentView.swift */,
				8484A1402B01272100AAA18E /* Assets.xcassets */,
				8484A1422B01272100AAA18E /* Preview Content */,
			);
			path = QuizGame;
			sourceTree = "<group>";
		};
		8484A1422B01272100AAA18E /* Preview Content */ = {
			isa = PBXGroup;
			children = (
				8484A1432B01272100AAA18E /* Preview Assets.xcassets */,
			);
			path = "Preview Content";
			sourceTree = "<group>";
		};
		8494FBF02B04D5C6001BBF6B /* Models */ = {
			isa = PBXGroup;
			children = (
				8467AB9B2B077045007C0BB3 /* Answer.swift */,
				8494FBEE2B04D342001BBF6B /* Category.swift */,
				8494FBF22B04D673001BBF6B /* Game.swift */,
				8494FBF42B04D7EC001BBF6B /* Question.swift */,
				8494FBFA2B04FB1C001BBF6B /* GameHistory.swift */,
			);
			path = Models;
			sourceTree = "<group>";
		};
		8494FBF12B04D5D6001BBF6B /* ViewModels */ = {
			isa = PBXGroup;
			children = (
				8467AB9F2B077074007C0BB3 /* CategoriesViewModel.swift */,
				84C500412B04D2B1001FFD1A /* QuizGame.swift */,
				8494FBFC2B04FB54001BBF6B /* GameHistoryViewModel.swift */,
			);
			path = ViewModels;
			sourceTree = "<group>";
		};
/* End PBXGroup section */

/* Begin PBXNativeTarget section */
		8484A1382B01272000AAA18E /* QuizGame */ = {
			isa = PBXNativeTarget;
			buildConfigurationList = 8484A1472B01272100AAA18E /* Build configuration list for PBXNativeTarget "QuizGame" */;
			buildPhases = (
				8484A1352B01272000AAA18E /* Sources */,
				8484A1362B01272000AAA18E /* Frameworks */,
				8484A1372B01272000AAA18E /* Resources */,
			);
			buildRules = (
			);
			dependencies = (
			);
			name = QuizGame;
			productName = QuizGame;
			productReference = 8484A1392B01272000AAA18E /* QuizGame.app */;
			productType = "com.apple.product-type.application";
		};
/* End PBXNativeTarget section */

/* Begin PBXProject section */
		8484A1312B01272000AAA18E /* Project object */ = {
			isa = PBXProject;
			attributes = {
				BuildIndependentTargetsInParallel = 1;
				LastSwiftUpdateCheck = 1500;
				LastUpgradeCheck = 1500;
				TargetAttributes = {
					8484A1382B01272000AAA18E = {
						CreatedOnToolsVersion = 15.0;
					};
				};
			};
			buildConfigurationList = 8484A1342B01272000AAA18E /* Build configuration list for PBXProject "QuizGame" */;
			compatibilityVersion = "Xcode 14.0";
			developmentRegion = en;
			hasScannedForEncodings = 0;
			knownRegions = (
				en,
				Base,
			);
			mainGroup = 8484A1302B01272000AAA18E;
			productRefGroup = 8484A13A2B01272000AAA18E /* Products */;
			projectDirPath = "";
			projectRoot = "";
			targets = (
				8484A1382B01272000AAA18E /* QuizGame */,
			);
		};
/* End PBXProject section */

/* Begin PBXResourcesBuildPhase section */
		8484A1372B01272000AAA18E /* Resources */ = {
			isa = PBXResourcesBuildPhase;
			buildActionMask = 2147483647;
			files = (
				8484A1442B01272100AAA18E /* Preview Assets.xcassets in Resources */,
				8484A1412B01272100AAA18E /* Assets.xcassets in Resources */,
			);
			runOnlyForDeploymentPostprocessing = 0;
		};
/* End PBXResourcesBuildPhase section */

/* Begin PBXSourcesBuildPhase section */
		8484A1352B01272000AAA18E /* Sources */ = {
			isa = PBXSourcesBuildPhase;
			buildActionMask = 2147483647;
			files = (
				8484A13F2B01272000AAA18E /* CategoryView.swift in Sources */,
				8494FBF32B04D673001BBF6B /* Game.swift in Sources */,
				8467AB9E2B077069007C0BB3 /* ContentView.swift in Sources */,
				84C500422B04D2B1001FFD1A /* QuizGame.swift in Sources */,
				8494FBF52B04D7EC001BBF6B /* Question.swift in Sources */,
				8484A13D2B01272000AAA18E /* QuizGameApp.swift in Sources */,
				8467AB9C2B077045007C0BB3 /* Answer.swift in Sources */,
				845DC3DD2B07C12E00522D7B /* Util.swift in Sources */,
				845DC3DA2B077F4100522D7B /* QuizApi.swift in Sources */,
				8494FBEF2B04D342001BBF6B /* Category.swift in Sources */,
				8494FBF72B04E122001BBF6B /* GameView.swift in Sources */,
				8467ABA02B077074007C0BB3 /* CategoriesViewModel.swift in Sources */,
				8494FBFB2B04FB1C001BBF6B /* GameHistory.swift in Sources */,
				8494FBF92B04FA8A001BBF6B /* GameHistoryView.swift in Sources */,
				8494FBFD2B04FB54001BBF6B /* GameHistoryViewModel.swift in Sources */,
			);
			runOnlyForDeploymentPostprocessing = 0;
		};
/* End PBXSourcesBuildPhase section */

/* Begin XCBuildConfiguration section */
		8484A1452B01272100AAA18E /* Debug */ = {
			isa = XCBuildConfiguration;
			buildSettings = {
				ALWAYS_SEARCH_USER_PATHS = NO;
				ASSETCATALOG_COMPILER_GENERATE_SWIFT_ASSET_SYMBOL_EXTENSIONS = YES;
				CLANG_ANALYZER_NONNULL = YES;
				CLANG_ANALYZER_NUMBER_OBJECT_CONVERSION = YES_AGGRESSIVE;
				CLANG_CXX_LANGUAGE_STANDARD = "gnu++20";
				CLANG_ENABLE_MODULES = YES;
				CLANG_ENABLE_OBJC_ARC = YES;
				CLANG_ENABLE_OBJC_WEAK = YES;
				CLANG_WARN_BLOCK_CAPTURE_AUTORELEASING = YES;
				CLANG_WARN_BOOL_CONVERSION = YES;
				CLANG_WARN_COMMA = YES;
				CLANG_WARN_CONSTANT_CONVERSION = YES;
				CLANG_WARN_DEPRECATED_OBJC_IMPLEMENTATIONS = YES;
				CLANG_WARN_DIRECT_OBJC_ISA_USAGE = YES_ERROR;
				CLANG_WARN_DOCUMENTATION_COMMENTS = YES;
				CLANG_WARN_EMPTY_BODY = YES;
				CLANG_WARN_ENUM_CONVERSION = YES;
				CLANG_WARN_INFINITE_RECURSION = YES;
				CLANG_WARN_INT_CONVERSION = YES;
				CLANG_WARN_NON_LITERAL_NULL_CONVERSION = YES;
				CLANG_WARN_OBJC_IMPLICIT_RETAIN_SELF = YES;
				CLANG_WARN_OBJC_LITERAL_CONVERSION = YES;
				CLANG_WARN_OBJC_ROOT_CLASS = YES_ERROR;
				CLANG_WARN_QUOTED_INCLUDE_IN_FRAMEWORK_HEADER = YES;
				CLANG_WARN_RANGE_LOOP_ANALYSIS = YES;
				CLANG_WARN_STRICT_PROTOTYPES = YES;
				CLANG_WARN_SUSPICIOUS_MOVE = YES;
				CLANG_WARN_UNGUARDED_AVAILABILITY = YES_AGGRESSIVE;
				CLANG_WARN_UNREACHABLE_CODE = YES;
				CLANG_WARN__DUPLICATE_METHOD_MATCH = YES;
				COPY_PHASE_STRIP = NO;
				DEBUG_INFORMATION_FORMAT = dwarf;
				ENABLE_STRICT_OBJC_MSGSEND = YES;
				ENABLE_TESTABILITY = YES;
				ENABLE_USER_SCRIPT_SANDBOXING = YES;
				GCC_C_LANGUAGE_STANDARD = gnu17;
				GCC_DYNAMIC_NO_PIC = NO;
				GCC_NO_COMMON_BLOCKS = YES;
				GCC_OPTIMIZATION_LEVEL = 0;
				GCC_PREPROCESSOR_DEFINITIONS = (
					"DEBUG=1",
					"$(inherited)",
				);
				GCC_WARN_64_TO_32_BIT_CONVERSION = YES;
				GCC_WARN_ABOUT_RETURN_TYPE = YES_ERROR;
				GCC_WARN_UNDECLARED_SELECTOR = YES;
				GCC_WARN_UNINITIALIZED_AUTOS = YES_AGGRESSIVE;
				GCC_WARN_UNUSED_FUNCTION = YES;
				GCC_WARN_UNUSED_VARIABLE = YES;
				IPHONEOS_DEPLOYMENT_TARGET = 17.0;
				LOCALIZATION_PREFERS_STRING_CATALOGS = YES;
				MTL_ENABLE_DEBUG_INFO = INCLUDE_SOURCE;
				MTL_FAST_MATH = YES;
				ONLY_ACTIVE_ARCH = YES;
				SDKROOT = iphoneos;
				SWIFT_ACTIVE_COMPILATION_CONDITIONS = "DEBUG $(inherited)";
				SWIFT_OPTIMIZATION_LEVEL = "-Onone";
			};
			name = Debug;
		};
		8484A1462B01272100AAA18E /* Release */ = {
			isa = XCBuildConfiguration;
			buildSettings = {
				ALWAYS_SEARCH_USER_PATHS = NO;
				ASSETCATALOG_COMPILER_GENERATE_SWIFT_ASSET_SYMBOL_EXTENSIONS = YES;
				CLANG_ANALYZER_NONNULL = YES;
				CLANG_ANALYZER_NUMBER_OBJECT_CONVERSION = YES_AGGRESSIVE;
				CLANG_CXX_LANGUAGE_STANDARD = "gnu++20";
				CLANG_ENABLE_MODULES = YES;
				CLANG_ENABLE_OBJC_ARC = YES;
				CLANG_ENABLE_OBJC_WEAK = YES;
				CLANG_WARN_BLOCK_CAPTURE_AUTORELEASING = YES;
				CLANG_WARN_BOOL_CONVERSION = YES;
				CLANG_WARN_COMMA = YES;
				CLANG_WARN_CONSTANT_CONVERSION = YES;
				CLANG_WARN_DEPRECATED_OBJC_IMPLEMENTATIONS = YES;
				CLANG_WARN_DIRECT_OBJC_ISA_USAGE = YES_ERROR;
				CLANG_WARN_DOCUMENTATION_COMMENTS = YES;
				CLANG_WARN_EMPTY_BODY = YES;
				CLANG_WARN_ENUM_CONVERSION = YES;
				CLANG_WARN_INFINITE_RECURSION = YES;
				CLANG_WARN_INT_CONVERSION = YES;
				CLANG_WARN_NON_LITERAL_NULL_CONVERSION = YES;
				CLANG_WARN_OBJC_IMPLICIT_RETAIN_SELF = YES;
				CLANG_WARN_OBJC_LITERAL_CONVERSION = YES;
				CLANG_WARN_OBJC_ROOT_CLASS = YES_ERROR;
				CLANG_WARN_QUOTED_INCLUDE_IN_FRAMEWORK_HEADER = YES;
				CLANG_WARN_RANGE_LOOP_ANALYSIS = YES;
				CLANG_WARN_STRICT_PROTOTYPES = YES;
				CLANG_WARN_SUSPICIOUS_MOVE = YES;
				CLANG_WARN_UNGUARDED_AVAILABILITY = YES_AGGRESSIVE;
				CLANG_WARN_UNREACHABLE_CODE = YES;
				CLANG_WARN__DUPLICATE_METHOD_MATCH = YES;
				COPY_PHASE_STRIP = NO;
				DEBUG_INFORMATION_FORMAT = "dwarf-with-dsym";
				ENABLE_NS_ASSERTIONS = NO;
				ENABLE_STRICT_OBJC_MSGSEND = YES;
				ENABLE_USER_SCRIPT_SANDBOXING = YES;
				GCC_C_LANGUAGE_STANDARD = gnu17;
				GCC_NO_COMMON_BLOCKS = YES;
				GCC_WARN_64_TO_32_BIT_CONVERSION = YES;
				GCC_WARN_ABOUT_RETURN_TYPE = YES_ERROR;
				GCC_WARN_UNDECLARED_SELECTOR = YES;
				GCC_WARN_UNINITIALIZED_AUTOS = YES_AGGRESSIVE;
				GCC_WARN_UNUSED_FUNCTION = YES;
				GCC_WARN_UNUSED_VARIABLE = YES;
				IPHONEOS_DEPLOYMENT_TARGET = 17.0;
				LOCALIZATION_PREFERS_STRING_CATALOGS = YES;
				MTL_ENABLE_DEBUG_INFO = NO;
				MTL_FAST_MATH = YES;
				SDKROOT = iphoneos;
				SWIFT_COMPILATION_MODE = wholemodule;
				VALIDATE_PRODUCT = YES;
			};
			name = Release;
		};
		8484A1482B01272100AAA18E /* Debug */ = {
			isa = XCBuildConfiguration;
			buildSettings = {
				ASSETCATALOG_COMPILER_APPICON_NAME = AppIcon;
				ASSETCATALOG_COMPILER_GLOBAL_ACCENT_COLOR_NAME = AccentColor;
				CODE_SIGN_STYLE = Automatic;
				CURRENT_PROJECT_VERSION = 1;
				DEVELOPMENT_ASSET_PATHS = "\"QuizGame/Preview Content\"";
				DEVELOPMENT_TEAM = Q4XDR52XYN;
				ENABLE_PREVIEWS = YES;
				GENERATE_INFOPLIST_FILE = YES;
				INFOPLIST_KEY_UIApplicationSceneManifest_Generation = YES;
				INFOPLIST_KEY_UIApplicationSupportsIndirectInputEvents = YES;
				INFOPLIST_KEY_UILaunchScreen_Generation = YES;
				INFOPLIST_KEY_UISupportedInterfaceOrientations_iPad = "UIInterfaceOrientationPortrait UIInterfaceOrientationPortraitUpsideDown UIInterfaceOrientationLandscapeLeft UIInterfaceOrientationLandscapeRight";
				INFOPLIST_KEY_UISupportedInterfaceOrientations_iPhone = "UIInterfaceOrientationPortrait UIInterfaceOrientationLandscapeLeft UIInterfaceOrientationLandscapeRight";
				LD_RUNPATH_SEARCH_PATHS = (
					"$(inherited)",
					"@executable_path/Frameworks",
				);
				MARKETING_VERSION = 1.0;
				PRODUCT_BUNDLE_IDENTIFIER = icu.repsaj.xcode.QuizGame;
				PRODUCT_NAME = "$(TARGET_NAME)";
				SWIFT_EMIT_LOC_STRINGS = YES;
				SWIFT_VERSION = 5.0;
				TARGETED_DEVICE_FAMILY = "1,2";
			};
			name = Debug;
		};
		8484A1492B01272100AAA18E /* Release */ = {
			isa = XCBuildConfiguration;
			buildSettings = {
				ASSETCATALOG_COMPILER_APPICON_NAME = AppIcon;
				ASSETCATALOG_COMPILER_GLOBAL_ACCENT_COLOR_NAME = AccentColor;
				CODE_SIGN_STYLE = Automatic;
				CURRENT_PROJECT_VERSION = 1;
				DEVELOPMENT_ASSET_PATHS = "\"QuizGame/Preview Content\"";
				DEVELOPMENT_TEAM = Q4XDR52XYN;
				ENABLE_PREVIEWS = YES;
				GENERATE_INFOPLIST_FILE = YES;
				INFOPLIST_KEY_UIApplicationSceneManifest_Generation = YES;
				INFOPLIST_KEY_UIApplicationSupportsIndirectInputEvents = YES;
				INFOPLIST_KEY_UILaunchScreen_Generation = YES;
				INFOPLIST_KEY_UISupportedInterfaceOrientations_iPad = "UIInterfaceOrientationPortrait UIInterfaceOrientationPortraitUpsideDown UIInterfaceOrientationLandscapeLeft UIInterfaceOrientationLandscapeRight";
				INFOPLIST_KEY_UISupportedInterfaceOrientations_iPhone = "UIInterfaceOrientationPortrait UIInterfaceOrientationLandscapeLeft UIInterfaceOrientationLandscapeRight";
				LD_RUNPATH_SEARCH_PATHS = (
					"$(inherited)",
					"@executable_path/Frameworks",
				);
				MARKETING_VERSION = 1.0;
				PRODUCT_BUNDLE_IDENTIFIER = icu.repsaj.xcode.QuizGame;
				PRODUCT_NAME = "$(TARGET_NAME)";
				SWIFT_EMIT_LOC_STRINGS = YES;
				SWIFT_VERSION = 5.0;
				TARGETED_DEVICE_FAMILY = "1,2";
			};
			name = Release;
		};
/* End XCBuildConfiguration section */

/* Begin XCConfigurationList section */
		8484A1342B01272000AAA18E /* Build configuration list for PBXProject "QuizGame" */ = {
			isa = XCConfigurationList;
			buildConfigurations = (
				8484A1452B01272100AAA18E /* Debug */,
				8484A1462B01272100AAA18E /* Release */,
			);
			defaultConfigurationIsVisible = 0;
			defaultConfigurationName = Release;
		};
		8484A1472B01272100AAA18E /* Build configuration list for PBXNativeTarget "QuizGame" */ = {
			isa = XCConfigurationList;
			buildConfigurations = (
				8484A1482B01272100AAA18E /* Debug */,
				8484A1492B01272100AAA18E /* Release */,
			);
			defaultConfigurationIsVisible = 0;
			defaultConfigurationName = Release;
		};
/* End XCConfigurationList section */
	};
	rootObject = 8484A1312B01272000AAA18E /* Project object */;
}
